{
  "name": "photo",
  "version": "0.2.13",
  "lockfileVersion": 1,
  "requires": true,
  "dependencies": {
    "bluebird": {
      "version": "3.5.1",
      "resolved": "https://registry.npmjs.org/bluebird/-/bluebird-3.5.1.tgz",
      "integrity": "sha512-MKiLiV+I1AA596t9w1sQJ8jkiSr5+ZKi0WKrYGUn6d1Fx+Ij4tIj+m2WMQSGczs5jZVxV339chE8iwk6F64wjA=="
    },
    "colors": {
      "version": "1.1.2",
      "resolved": "https://registry.npmjs.org/colors/-/colors-1.1.2.tgz",
      "integrity": "sha1-FopHAXVran9RoSzgyXv6KMCE7WM="
    },
    "exif-reader": {
      "version": "1.0.2",
      "resolved": "https://registry.npmjs.org/exif-reader/-/exif-reader-1.0.2.tgz",
      "integrity": "sha1-AkCLl7YQKOpPReW4k6g2+aoorE8="
    },
    "fast-exif": {
      "version": "0.2.0",
      "resolved": "https://registry.npmjs.org/fast-exif/-/fast-exif-0.2.0.tgz",
      "integrity": "sha1-Id6yYPRYRcutNwypyv8PHUFRBYc=",
      "requires": {
        "bluebird": "3.5.1",
        "exif-reader": "1.0.2"
      }
    },
    "minimist": {
      "version": "0.0.8",
      "resolved": "https://registry.npmjs.org/minimist/-/minimist-0.0.8.tgz",
      "integrity": "sha1-hX/Kv8M5fSYluCKCYuhqp6ARsF0="
    },
    "mkdirp": {
      "version": "0.5.1",
      "resolved": "https://registry.npmjs.org/mkdirp/-/mkdirp-0.5.1.tgz",
      "integrity": "sha1-MAV0OOrGz3+MR2fzhkjWaX11yQM=",
      "requires": {
        "minimist": "0.0.8"
      }
    },
    "totlog": {
      "version": "2.0.1",
      "resolved": "https://registry.npmjs.org/totlog/-/totlog-2.0.1.tgz",
      "integrity": "sha512-NeUgsdZsdDpacEvmA65YpmPV7qgHXfapBD2mgd4fMVZ5tdoQn4zcheoulcQ1RtJPvbTxMTabsTNWY4+GV3M66Q==",
      "requires": {
        "colors": "1.1.2"
      },
      "dependencies": {
        "colors": {
          "version": "1.1.2",
          "resolved": "https://registry.npmjs.org/colors/-/colors-1.1.2.tgz",
          "integrity": "sha1-FopHAXVran9RoSzgyXv6KMCE7WM=",
          "optional": true
        }
      }
    }
  }
}
